
Microsoft Visual Studio Solution File, Format Version 12.00
# Visual Studio Version 17
VisualStudioVersion = 17.0.31903.59
MinimumVisualStudioVersion = 10.0.40219.1
Project("{9A19103F-16F7-4668-BE54-9A1E7A4F7556}") = "frinno-api", "frinno-api\frinno-api.csproj", "{EF1026ED-FEAC-4800-AAB0-F4763AF14616}"
EndProject
Project("{9A19103F-16F7-4668-BE54-9A1E7A4F7556}") = "frinno-core", "frinno-core\frinno-core.csproj", "{A7FA8E45-A118-4E20-A57D-23DD8B448607}"
EndProject
Project("{9A19103F-16F7-4668-BE54-9A1E7A4F7556}") = "frinno-infrastructure", "frinno-infrastructure\frinno-infrastructure.csproj", "{910CCCF5-806A-4A07-AF3C-9BF9C603AAFF}"
EndProject
Project("{9A19103F-16F7-4668-BE54-9A1E7A4F7556}") = "frinno-application", "frinno-application\frinno-application.csproj", "{83A2D278-3499-46C2-BC25-E50B9185DE3F}"
EndProject
Global
	GlobalSection(SolutionConfigurationPlatforms) = preSolution
		Debug|Any CPU = Debug|Any CPU
		Release|Any CPU = Release|Any CPU
	EndGlobalSection
	GlobalSection(ProjectConfigurationPlatforms) = postSolution
		{EF1026ED-FEAC-4800-AAB0-F4763AF14616}.Debug|Any CPU.ActiveCfg = Debug|Any CPU
		{EF1026ED-FEAC-4800-AAB0-F4763AF14616}.Debug|Any CPU.Build.0 = Debug|Any CPU
		{EF1026ED-FEAC-4800-AAB0-F4763AF14616}.Release|Any CPU.ActiveCfg = Release|Any CPU
		{EF1026ED-FEAC-4800-AAB0-F4763AF14616}.Release|Any CPU.Build.0 = Release|Any CPU
		{A7FA8E45-A118-4E20-A57D-23DD8B448607}.Debug|Any CPU.ActiveCfg = Debug|Any CPU
		{A7FA8E45-A118-4E20-A57D-23DD8B448607}.Debug|Any CPU.Build.0 = Debug|Any CPU
		{A7FA8E45-A118-4E20-A57D-23DD8B448607}.Release|Any CPU.ActiveCfg = Release|Any CPU
		{A7FA8E45-A118-4E20-A57D-23DD8B448607}.Release|Any CPU.Build.0 = Release|Any CPU
		{910CCCF5-806A-4A07-AF3C-9BF9C603AAFF}.Debug|Any CPU.ActiveCfg = Debug|Any CPU
		{910CCCF5-806A-4A07-AF3C-9BF9C603AAFF}.Debug|Any CPU.Build.0 = Debug|Any CPU
		{910CCCF5-806A-4A07-AF3C-9BF9C603AAFF}.Release|Any CPU.ActiveCfg = Release|Any CPU
		{910CCCF5-806A-4A07-AF3C-9BF9C603AAFF}.Release|Any CPU.Build.0 = Release|Any CPU
		{83A2D278-3499-46C2-BC25-E50B9185DE3F}.Debug|Any CPU.ActiveCfg = Debug|Any CPU
		{83A2D278-3499-46C2-BC25-E50B9185DE3F}.Debug|Any CPU.Build.0 = Debug|Any CPU
		{83A2D278-3499-46C2-BC25-E50B9185DE3F}.Release|Any CPU.ActiveCfg = Release|Any CPU
		{83A2D278-3499-46C2-BC25-E50B9185DE3F}.Release|Any CPU.Build.0 = Release|Any CPU
	EndGlobalSection
	GlobalSection(SolutionProperties) = preSolution
		HideSolutionNode = FALSE
	EndGlobalSection
	GlobalSection(ExtensibilityGlobals) = postSolution
		SolutionGuid = {E0930054-0AA0-4FAC-AC0C-BAF658C0DD19}
	EndGlobalSection
EndGlobal
